
Microsoft Visual Studio Solution File, Format Version 12.00
# Visual Studio 15
VisualStudioVersion = 15.0.28307.779
MinimumVisualStudioVersion = 10.0.40219.1
Project("{FAE04EC0-301F-11D3-BF4B-00C04F79EFBC}") = "Xplat.Android", "Xplat\Xplat.Android\Xplat.Android.csproj", "{A09412AA-15BE-47D2-A10B-EDC647FEB175}"
EndProject
Project("{FAE04EC0-301F-11D3-BF4B-00C04F79EFBC}") = "Xplat.iOS", "Xplat\Xplat.iOS\Xplat.iOS.csproj", "{9EE75906-C79F-4FD2-BBB2-945CA83B32A7}"
EndProject
Project("{FAE04EC0-301F-11D3-BF4B-00C04F79EFBC}") = "Xplat.UWP", "Xplat\Xplat.UWP\Xplat.UWP.csproj", "{7870E579-1678-406A-8C1A-A7A90182737D}"
EndProject
Project("{9A19103F-16F7-4668-BE54-9A1E7A4F7556}") = "Xplat", "Xplat\Xplat\Xplat.csproj", "{D1865046-558B-4E4D-BAA2-B19C3D0F2ED3}"
EndProject
Global
	GlobalSection(SolutionConfigurationPlatforms) = preSolution
		Ad-Hoc|Any CPU = Ad-Hoc|Any CPU
		Ad-Hoc|ARM = Ad-Hoc|ARM
		Ad-Hoc|iPhone = Ad-Hoc|iPhone
		Ad-Hoc|iPhoneSimulator = Ad-Hoc|iPhoneSimulator
		Ad-Hoc|x64 = Ad-Hoc|x64
		Ad-Hoc|x86 = Ad-Hoc|x86
		AppStore|Any CPU = AppStore|Any CPU
		AppStore|ARM = AppStore|ARM
		AppStore|iPhone = AppStore|iPhone
		AppStore|iPhoneSimulator = AppStore|iPhoneSimulator
		AppStore|x64 = AppStore|x64
		AppStore|x86 = AppStore|x86
		Debug|Any CPU = Debug|Any CPU
		Debug|ARM = Debug|ARM
		Debug|iPhone = Debug|iPhone
		Debug|iPhoneSimulator = Debug|iPhoneSimulator
		Debug|x64 = Debug|x64
		Debug|x86 = Debug|x86
		Release|Any CPU = Release|Any CPU
		Release|ARM = Release|ARM
		Release|iPhone = Release|iPhone
		Release|iPhoneSimulator = Release|iPhoneSimulator
		Release|x64 = Release|x64
		Release|x86 = Release|x86
	EndGlobalSection
	GlobalSection(ProjectConfigurationPlatforms) = postSolution
		{A09412AA-15BE-47D2-A10B-EDC647FEB175}.Ad-Hoc|Any CPU.ActiveCfg = Release|Any CPU
		{A09412AA-15BE-47D2-A10B-EDC647FEB175}.Ad-Hoc|Any CPU.Build.0 = Release|Any CPU
		{A09412AA-15BE-47D2-A10B-EDC647FEB175}.Ad-Hoc|Any CPU.Deploy.0 = Release|Any CPU
		{A09412AA-15BE-47D2-A10B-EDC647FEB175}.Ad-Hoc|ARM.ActiveCfg = Release|Any CPU
		{A09412AA-15BE-47D2-A10B-EDC647FEB175}.Ad-Hoc|ARM.Build.0 = Release|Any CPU
		{A09412AA-15BE-47D2-A10B-EDC647FEB175}.Ad-Hoc|ARM.Deploy.0 = Release|Any CPU
		{A09412AA-15BE-47D2-A10B-EDC647FEB175}.Ad-Hoc|iPhone.ActiveCfg = Release|Any CPU
		{A09412AA-15BE-47D2-A10B-EDC647FEB175}.Ad-Hoc|iPhone.Build.0 = Release|Any CPU
		{A09412AA-15BE-47D2-A10B-EDC647FEB175}.Ad-Hoc|iPhone.Deploy.0 = Release|Any CPU
		{A09412AA-15BE-47D2-A10B-EDC647FEB175}.Ad-Hoc|iPhoneSimulator.ActiveCfg = Release|Any CPU
		{A09412AA-15BE-47D2-A10B-EDC647FEB175}.Ad-Hoc|iPhoneSimulator.Build.0 = Release|Any CPU
		{A09412AA-15BE-47D2-A10B-EDC647FEB175}.Ad-Hoc|iPhoneSimulator.Deploy.0 = Release|Any CPU
		{A09412AA-15BE-47D2-A10B-EDC647FEB175}.Ad-Hoc|x64.ActiveCfg = Release|Any CPU
		{A09412AA-15BE-47D2-A10B-EDC647FEB175}.Ad-Hoc|x64.Build.0 = Release|Any CPU
		{A09412AA-15BE-47D2-A10B-EDC647FEB175}.Ad-Hoc|x64.Deploy.0 = Release|Any CPU
		{A09412AA-15BE-47D2-A10B-EDC647FEB175}.Ad-Hoc|x86.ActiveCfg = Release|Any CPU
		{A09412AA-15BE-47D2-A10B-EDC647FEB175}.Ad-Hoc|x86.Build.0 = Release|Any CPU
		{A09412AA-15BE-47D2-A10B-EDC647FEB175}.Ad-Hoc|x86.Deploy.0 = Release|Any CPU
		{A09412AA-15BE-47D2-A10B-EDC647FEB175}.AppStore|Any CPU.ActiveCfg = Release|Any CPU
		{A09412AA-15BE-47D2-A10B-EDC647FEB175}.AppStore|Any CPU.Build.0 = Release|Any CPU
		{A09412AA-15BE-47D2-A10B-EDC647FEB175}.AppStore|Any CPU.Deploy.0 = Release|Any CPU
		{A09412AA-15BE-47D2-A10B-EDC647FEB175}.AppStore|ARM.ActiveCfg = Release|Any CPU
		{A09412AA-15BE-47D2-A10B-EDC647FEB175}.AppStore|ARM.Build.0 = Release|Any CPU
		{A09412AA-15BE-47D2-A10B-EDC647FEB175}.AppStore|ARM.Deploy.0 = Release|Any CPU
		{A09412AA-15BE-47D2-A10B-EDC647FEB175}.AppStore|iPhone.ActiveCfg = Release|Any CPU
		{A09412AA-15BE-47D2-A10B-EDC647FEB175}.AppStore|iPhone.Build.0 = Release|Any CPU
		{A09412AA-15BE-47D2-A10B-EDC647FEB175}.AppStore|iPhone.Deploy.0 = Release|Any CPU
		{A09412AA-15BE-47D2-A10B-EDC647FEB175}.AppStore|iPhoneSimulator.ActiveCfg = Release|Any CPU
		{A09412AA-15BE-47D2-A10B-EDC647FEB175}.AppStore|iPhoneSimulator.Build.0 = Release|Any CPU
		{A09412AA-15BE-47D2-A10B-EDC647FEB175}.AppStore|iPhoneSimulator.Deploy.0 = Release|Any CPU
		{A09412AA-15BE-47D2-A10B-EDC647FEB175}.AppStore|x64.ActiveCfg = Release|Any CPU
		{A09412AA-15BE-47D2-A10B-EDC647FEB175}.AppStore|x64.Build.0 = Release|Any CPU
		{A09412AA-15BE-47D2-A10B-EDC647FEB175}.AppStore|x64.Deploy.0 = Release|Any CPU
		{A09412AA-15BE-47D2-A10B-EDC647FEB175}.AppStore|x86.ActiveCfg = Release|Any CPU
		{A09412AA-15BE-47D2-A10B-EDC647FEB175}.AppStore|x86.Build.0 = Release|Any CPU
		{A09412AA-15BE-47D2-A10B-EDC647FEB175}.AppStore|x86.Deploy.0 = Release|Any CPU
		{A09412AA-15BE-47D2-A10B-EDC647FEB175}.Debug|Any CPU.ActiveCfg = Debug|Any CPU
		{A09412AA-15BE-47D2-A10B-EDC647FEB175}.Debug|Any CPU.Build.0 = Debug|Any CPU
		{A09412AA-15BE-47D2-A10B-EDC647FEB175}.Debug|Any CPU.Deploy.0 = Debug|Any CPU
		{A09412AA-15BE-47D2-A10B-EDC647FEB175}.Debug|ARM.ActiveCfg = Debug|Any CPU
		{A09412AA-15BE-47D2-A10B-EDC647FEB175}.Debug|ARM.Build.0 = Debug|Any CPU
		{A09412AA-15BE-47D2-A10B-EDC647FEB175}.Debug|ARM.Deploy.0 = Debug|Any CPU
		{A09412AA-15BE-47D2-A10B-EDC647FEB175}.Debug|iPhone.ActiveCfg = Debug|Any CPU
		{A09412AA-15BE-47D2-A10B-EDC647FEB175}.Debug|iPhone.Build.0 = Debug|Any CPU
		{A09412AA-15BE-47D2-A10B-EDC647FEB175}.Debug|iPhone.Deploy.0 = Debug|Any CPU
		{A09412AA-15BE-47D2-A10B-EDC647FEB175}.Debug|iPhoneSimulator.ActiveCfg = Debug|Any CPU
		{A09412AA-15BE-47D2-A10B-EDC647FEB175}.Debug|iPhoneSimulator.Build.0 = Debug|Any CPU
		{A09412AA-15BE-47D2-A10B-EDC647FEB175}.Debug|iPhoneSimulator.Deploy.0 = Debug|Any CPU
		{A09412AA-15BE-47D2-A10B-EDC647FEB175}.Debug|x64.ActiveCfg = Debug|Any CPU
		{A09412AA-15BE-47D2-A10B-EDC647FEB175}.Debug|x64.Build.0 = Debug|Any CPU
		{A09412AA-15BE-47D2-A10B-EDC647FEB175}.Debug|x64.Deploy.0 = Debug|Any CPU
		{A09412AA-15BE-47D2-A10B-EDC647FEB175}.Debug|x86.ActiveCfg = Debug|Any CPU
		{A09412AA-15BE-47D2-A10B-EDC647FEB175}.Debug|x86.Build.0 = Debug|Any CPU
		{A09412AA-15BE-47D2-A10B-EDC647FEB175}.Debug|x86.Deploy.0 = Debug|Any CPU
		{A09412AA-15BE-47D2-A10B-EDC647FEB175}.Release|Any CPU.ActiveCfg = Release|Any CPU
		{A09412AA-15BE-47D2-A10B-EDC647FEB175}.Release|Any CPU.Build.0 = Release|Any CPU
		{A09412AA-15BE-47D2-A10B-EDC647FEB175}.Release|Any CPU.Deploy.0 = Release|Any CPU
		{A09412AA-15BE-47D2-A10B-EDC647FEB175}.Release|ARM.ActiveCfg = Release|Any CPU
		{A09412AA-15BE-47D2-A10B-EDC647FEB175}.Release|ARM.Build.0 = Release|Any CPU
		{A09412AA-15BE-47D2-A10B-EDC647FEB175}.Release|ARM.Deploy.0 = Release|Any CPU
		{A09412AA-15BE-47D2-A10B-EDC647FEB175}.Release|iPhone.ActiveCfg = Release|Any CPU
		{A09412AA-15BE-47D2-A10B-EDC647FEB175}.Release|iPhone.Build.0 = Release|Any CPU
		{A09412AA-15BE-47D2-A10B-EDC647FEB175}.Release|iPhone.Deploy.0 = Release|Any CPU
		{A09412AA-15BE-47D2-A10B-EDC647FEB175}.Release|iPhoneSimulator.ActiveCfg = Release|Any CPU
		{A09412AA-15BE-47D2-A10B-EDC647FEB175}.Release|iPhoneSimulator.Build.0 = Release|Any CPU
		{A09412AA-15BE-47D2-A10B-EDC647FEB175}.Release|iPhoneSimulator.Deploy.0 = Release|Any CPU
		{A09412AA-15BE-47D2-A10B-EDC647FEB175}.Release|x64.ActiveCfg = Release|Any CPU
		{A09412AA-15BE-47D2-A10B-EDC647FEB175}.Release|x64.Build.0 = Release|Any CPU
		{A09412AA-15BE-47D2-A10B-EDC647FEB175}.Release|x64.Deploy.0 = Release|Any CPU
		{A09412AA-15BE-47D2-A10B-EDC647FEB175}.Release|x86.ActiveCfg = Release|Any CPU
		{A09412AA-15BE-47D2-A10B-EDC647FEB175}.Release|x86.Build.0 = Release|Any CPU
		{A09412AA-15BE-47D2-A10B-EDC647FEB175}.Release|x86.Deploy.0 = Release|Any CPU
		{9EE75906-C79F-4FD2-BBB2-945CA83B32A7}.Ad-Hoc|Any CPU.ActiveCfg = Ad-Hoc|iPhone
		{9EE75906-C79F-4FD2-BBB2-945CA83B32A7}.Ad-Hoc|Any CPU.Build.0 = Ad-Hoc|iPhone
		{9EE75906-C79F-4FD2-BBB2-945CA83B32A7}.Ad-Hoc|Any CPU.Deploy.0 = Ad-Hoc|iPhone
		{9EE75906-C79F-4FD2-BBB2-945CA83B32A7}.Ad-Hoc|ARM.ActiveCfg = Ad-Hoc|iPhone
		{9EE75906-C79F-4FD2-BBB2-945CA83B32A7}.Ad-Hoc|ARM.Build.0 = Ad-Hoc|iPhone
		{9EE75906-C79F-4FD2-BBB2-945CA83B32A7}.Ad-Hoc|ARM.Deploy.0 = Ad-Hoc|iPhone
		{9EE75906-C79F-4FD2-BBB2-945CA83B32A7}.Ad-Hoc|iPhone.ActiveCfg = Ad-Hoc|iPhone
		{9EE75906-C79F-4FD2-BBB2-945CA83B32A7}.Ad-Hoc|iPhone.Build.0 = Ad-Hoc|iPhone
		{9EE75906-C79F-4FD2-BBB2-945CA83B32A7}.Ad-Hoc|iPhone.Deploy.0 = Ad-Hoc|iPhone
		{9EE75906-C79F-4FD2-BBB2-945CA83B32A7}.Ad-Hoc|iPhoneSimulator.ActiveCfg = Ad-Hoc|iPhoneSimulator
		{9EE75906-C79F-4FD2-BBB2-945CA83B32A7}.Ad-Hoc|iPhoneSimulator.Build.0 = Ad-Hoc|iPhoneSimulator
		{9EE75906-C79F-4FD2-BBB2-945CA83B32A7}.Ad-Hoc|iPhoneSimulator.Deploy.0 = Ad-Hoc|iPhoneSimulator
		{9EE75906-C79F-4FD2-BBB2-945CA83B32A7}.Ad-Hoc|x64.ActiveCfg = Ad-Hoc|iPhone
		{9EE75906-C79F-4FD2-BBB2-945CA83B32A7}.Ad-Hoc|x64.Build.0 = Ad-Hoc|iPhone
		{9EE75906-C79F-4FD2-BBB2-945CA83B32A7}.Ad-Hoc|x64.Deploy.0 = Ad-Hoc|iPhone
		{9EE75906-C79F-4FD2-BBB2-945CA83B32A7}.Ad-Hoc|x86.ActiveCfg = Ad-Hoc|iPhone
		{9EE75906-C79F-4FD2-BBB2-945CA83B32A7}.Ad-Hoc|x86.Build.0 = Ad-Hoc|iPhone
		{9EE75906-C79F-4FD2-BBB2-945CA83B32A7}.Ad-Hoc|x86.Deploy.0 = Ad-Hoc|iPhone
		{9EE75906-C79F-4FD2-BBB2-945CA83B32A7}.AppStore|Any CPU.ActiveCfg = AppStore|iPhone
		{9EE75906-C79F-4FD2-BBB2-945CA83B32A7}.AppStore|Any CPU.Build.0 = AppStore|iPhone
		{9EE75906-C79F-4FD2-BBB2-945CA83B32A7}.AppStore|Any CPU.Deploy.0 = AppStore|iPhone
		{9EE75906-C79F-4FD2-BBB2-945CA83B32A7}.AppStore|ARM.ActiveCfg = AppStore|iPhone
		{9EE75906-C79F-4FD2-BBB2-945CA83B32A7}.AppStore|ARM.Build.0 = AppStore|iPhone
		{9EE75906-C79F-4FD2-BBB2-945CA83B32A7}.AppStore|ARM.Deploy.0 = AppStore|iPhone
		{9EE75906-C79F-4FD2-BBB2-945CA83B32A7}.AppStore|iPhone.ActiveCfg = AppStore|iPhone
		{9EE75906-C79F-4FD2-BBB2-945CA83B32A7}.AppStore|iPhone.Build.0 = AppStore|iPhone
		{9EE75906-C79F-4FD2-BBB2-945CA83B32A7}.AppStore|iPhone.Deploy.0 = AppStore|iPhone
		{9EE75906-C79F-4FD2-BBB2-945CA83B32A7}.AppStore|iPhoneSimulator.ActiveCfg = AppStore|iPhoneSimulator
		{9EE75906-C79F-4FD2-BBB2-945CA83B32A7}.AppStore|iPhoneSimulator.Build.0 = AppStore|iPhoneSimulator
		{9EE75906-C79F-4FD2-BBB2-945CA83B32A7}.AppStore|iPhoneSimulator.Deploy.0 = AppStore|iPhoneSimulator
		{9EE75906-C79F-4FD2-BBB2-945CA83B32A7}.AppStore|x64.ActiveCfg = AppStore|iPhone
		{9EE75906-C79F-4FD2-BBB2-945CA83B32A7}.AppStore|x64.Build.0 = AppStore|iPhone
		{9EE75906-C79F-4FD2-BBB2-945CA83B32A7}.AppStore|x64.Deploy.0 = AppStore|iPhone
		{9EE75906-C79F-4FD2-BBB2-945CA83B32A7}.AppStore|x86.ActiveCfg = AppStore|iPhone
		{9EE75906-C79F-4FD2-BBB2-945CA83B32A7}.AppStore|x86.Build.0 = AppStore|iPhone
		{9EE75906-C79F-4FD2-BBB2-945CA83B32A7}.AppStore|x86.Deploy.0 = AppStore|iPhone
		{9EE75906-C79F-4FD2-BBB2-945CA83B32A7}.Debug|Any CPU.ActiveCfg = Debug|iPhoneSimulator
		{9EE75906-C79F-4FD2-BBB2-945CA83B32A7}.Debug|Any CPU.Build.0 = Debug|iPhoneSimulator
		{9EE75906-C79F-4FD2-BBB2-945CA83B32A7}.Debug|Any CPU.Deploy.0 = Debug|iPhoneSimulator
		{9EE75906-C79F-4FD2-BBB2-945CA83B32A7}.Debug|ARM.ActiveCfg = Debug|iPhone
		{9EE75906-C79F-4FD2-BBB2-945CA83B32A7}.Debug|ARM.Build.0 = Debug|iPhone
		{9EE75906-C79F-4FD2-BBB2-945CA83B32A7}.Debug|ARM.Deploy.0 = Debug|iPhone
		{9EE75906-C79F-4FD2-BBB2-945CA83B32A7}.Debug|iPhone.ActiveCfg = Debug|iPhoneSimulator
		{9EE75906-C79F-4FD2-BBB2-945CA83B32A7}.Debug|iPhone.Build.0 = Debug|iPhoneSimulator
		{9EE75906-C79F-4FD2-BBB2-945CA83B32A7}.Debug|iPhone.Deploy.0 = Debug|iPhoneSimulator
		{9EE75906-C79F-4FD2-BBB2-945CA83B32A7}.Debug|iPhoneSimulator.ActiveCfg = Debug|iPhoneSimulator
		{9EE75906-C79F-4FD2-BBB2-945CA83B32A7}.Debug|iPhoneSimulator.Build.0 = Debug|iPhoneSimulator
		{9EE75906-C79F-4FD2-BBB2-945CA83B32A7}.Debug|iPhoneSimulator.Deploy.0 = Debug|iPhoneSimulator
		{9EE75906-C79F-4FD2-BBB2-945CA83B32A7}.Debug|x64.ActiveCfg = Debug|iPhone
		{9EE75906-C79F-4FD2-BBB2-945CA83B32A7}.Debug|x64.Build.0 = Debug|iPhone
		{9EE75906-C79F-4FD2-BBB2-945CA83B32A7}.Debug|x64.Deploy.0 = Debug|iPhone
		{9EE75906-C79F-4FD2-BBB2-945CA83B32A7}.Debug|x86.ActiveCfg = Debug|iPhone
		{9EE75906-C79F-4FD2-BBB2-945CA83B32A7}.Debug|x86.Build.0 = Debug|iPhone
		{9EE75906-C79F-4FD2-BBB2-945CA83B32A7}.Debug|x86.Deploy.0 = Debug|iPhone
		{9EE75906-C79F-4FD2-BBB2-945CA83B32A7}.Release|Any CPU.ActiveCfg = Release|iPhone
		{9EE75906-C79F-4FD2-BBB2-945CA83B32A7}.Release|Any CPU.Build.0 = Release|iPhone
		{9EE75906-C79F-4FD2-BBB2-945CA83B32A7}.Release|Any CPU.Deploy.0 = Release|iPhone
		{9EE75906-C79F-4FD2-BBB2-945CA83B32A7}.Release|ARM.ActiveCfg = Release|iPhone
		{9EE75906-C79F-4FD2-BBB2-945CA83B32A7}.Release|ARM.Build.0 = Release|iPhone
		{9EE75906-C79F-4FD2-BBB2-945CA83B32A7}.Release|ARM.Deploy.0 = Release|iPhone
		{9EE75906-C79F-4FD2-BBB2-945CA83B32A7}.Release|iPhone.ActiveCfg = Release|iPhone
		{9EE75906-C79F-4FD2-BBB2-945CA83B32A7}.Release|iPhone.Build.0 = Release|iPhone
		{9EE75906-C79F-4FD2-BBB2-945CA83B32A7}.Release|iPhone.Deploy.0 = Release|iPhone
		{9EE75906-C79F-4FD2-BBB2-945CA83B32A7}.Release|iPhoneSimulator.ActiveCfg = Release|iPhoneSimulator
		{9EE75906-C79F-4FD2-BBB2-945CA83B32A7}.Release|iPhoneSimulator.Build.0 = Release|iPhoneSimulator
		{9EE75906-C79F-4FD2-BBB2-945CA83B32A7}.Release|iPhoneSimulator.Deploy.0 = Release|iPhoneSimulator
		{9EE75906-C79F-4FD2-BBB2-945CA83B32A7}.Release|x64.ActiveCfg = Release|iPhone
		{9EE75906-C79F-4FD2-BBB2-945CA83B32A7}.Release|x64.Build.0 = Release|iPhone
		{9EE75906-C79F-4FD2-BBB2-945CA83B32A7}.Release|x64.Deploy.0 = Release|iPhone
		{9EE75906-C79F-4FD2-BBB2-945CA83B32A7}.Release|x86.ActiveCfg = Release|iPhone
		{9EE75906-C79F-4FD2-BBB2-945CA83B32A7}.Release|x86.Build.0 = Release|iPhone
		{9EE75906-C79F-4FD2-BBB2-945CA83B32A7}.Release|x86.Deploy.0 = Release|iPhone
		{7870E579-1678-406A-8C1A-A7A90182737D}.Ad-Hoc|Any CPU.ActiveCfg = Release|x86
		{7870E579-1678-406A-8C1A-A7A90182737D}.Ad-Hoc|Any CPU.Build.0 = Release|x86
		{7870E579-1678-406A-8C1A-A7A90182737D}.Ad-Hoc|Any CPU.Deploy.0 = Release|x86
		{7870E579-1678-406A-8C1A-A7A90182737D}.Ad-Hoc|ARM.ActiveCfg = Release|ARM
		{7870E579-1678-406A-8C1A-A7A90182737D}.Ad-Hoc|ARM.Build.0 = Release|ARM
		{7870E579-1678-406A-8C1A-A7A90182737D}.Ad-Hoc|ARM.Deploy.0 = Release|ARM
		{7870E579-1678-406A-8C1A-A7A90182737D}.Ad-Hoc|iPhone.ActiveCfg = Release|x86
		{7870E579-1678-406A-8C1A-A7A90182737D}.Ad-Hoc|iPhone.Build.0 = Release|x86
		{7870E579-1678-406A-8C1A-A7A90182737D}.Ad-Hoc|iPhone.Deploy.0 = Release|x86
		{7870E579-1678-406A-8C1A-A7A90182737D}.Ad-Hoc|iPhoneSimulator.ActiveCfg = Release|x86
		{7870E579-1678-406A-8C1A-A7A90182737D}.Ad-Hoc|iPhoneSimulator.Build.0 = Release|x86
		{7870E579-1678-406A-8C1A-A7A90182737D}.Ad-Hoc|iPhoneSimulator.Deploy.0 = Release|x86
		{7870E579-1678-406A-8C1A-A7A90182737D}.Ad-Hoc|x64.ActiveCfg = Release|x64
		{7870E579-1678-406A-8C1A-A7A90182737D}.Ad-Hoc|x64.Build.0 = Release|x64
		{7870E579-1678-406A-8C1A-A7A90182737D}.Ad-Hoc|x64.Deploy.0 = Release|x64
		{7870E579-1678-406A-8C1A-A7A90182737D}.Ad-Hoc|x86.ActiveCfg = Release|x86
		{7870E579-1678-406A-8C1A-A7A90182737D}.Ad-Hoc|x86.Build.0 = Release|x86
		{7870E579-1678-406A-8C1A-A7A90182737D}.Ad-Hoc|x86.Deploy.0 = Release|x86
		{7870E579-1678-406A-8C1A-A7A90182737D}.AppStore|Any CPU.ActiveCfg = Release|x86
		{7870E579-1678-406A-8C1A-A7A90182737D}.AppStore|Any CPU.Build.0 = Release|x86
		{7870E579-1678-406A-8C1A-A7A90182737D}.AppStore|Any CPU.Deploy.0 = Release|x86
		{7870E579-1678-406A-8C1A-A7A90182737D}.AppStore|ARM.ActiveCfg = Release|ARM
		{7870E579-1678-406A-8C1A-A7A90182737D}.AppStore|ARM.Build.0 = Release|ARM
		{7870E579-1678-406A-8C1A-A7A90182737D}.AppStore|ARM.Deploy.0 = Release|ARM
		{7870E579-1678-406A-8C1A-A7A90182737D}.AppStore|iPhone.ActiveCfg = Release|x86
		{7870E579-1678-406A-8C1A-A7A90182737D}.AppStore|iPhone.Build.0 = Release|x86
		{7870E579-1678-406A-8C1A-A7A90182737D}.AppStore|iPhone.Deploy.0 = Release|x86
		{7870E579-1678-406A-8C1A-A7A90182737D}.AppStore|iPhoneSimulator.ActiveCfg = Release|x86
		{7870E579-1678-406A-8C1A-A7A90182737D}.AppStore|iPhoneSimulator.Build.0 = Release|x86
		{7870E579-1678-406A-8C1A-A7A90182737D}.AppStore|iPhoneSimulator.Deploy.0 = Release|x86
		{7870E579-1678-406A-8C1A-A7A90182737D}.AppStore|x64.ActiveCfg = Release|x64
		{7870E579-1678-406A-8C1A-A7A90182737D}.AppStore|x64.Build.0 = Release|x64
		{7870E579-1678-406A-8C1A-A7A90182737D}.AppStore|x64.Deploy.0 = Release|x64
		{7870E579-1678-406A-8C1A-A7A90182737D}.AppStore|x86.ActiveCfg = Release|x86
		{7870E579-1678-406A-8C1A-A7A90182737D}.AppStore|x86.Build.0 = Release|x86
		{7870E579-1678-406A-8C1A-A7A90182737D}.AppStore|x86.Deploy.0 = Release|x86
		{7870E579-1678-406A-8C1A-A7A90182737D}.Debug|Any CPU.ActiveCfg = Debug|x86
		{7870E579-1678-406A-8C1A-A7A90182737D}.Debug|Any CPU.Build.0 = Debug|x86
		{7870E579-1678-406A-8C1A-A7A90182737D}.Debug|Any CPU.Deploy.0 = Debug|x86
		{7870E579-1678-406A-8C1A-A7A90182737D}.Debug|ARM.ActiveCfg = Debug|ARM
		{7870E579-1678-406A-8C1A-A7A90182737D}.Debug|ARM.Build.0 = Debug|ARM
		{7870E579-1678-406A-8C1A-A7A90182737D}.Debug|ARM.Deploy.0 = Debug|ARM
		{7870E579-1678-406A-8C1A-A7A90182737D}.Debug|iPhone.ActiveCfg = Debug|x86
		{7870E579-1678-406A-8C1A-A7A90182737D}.Debug|iPhone.Build.0 = Debug|x86
		{7870E579-1678-406A-8C1A-A7A90182737D}.Debug|iPhone.Deploy.0 = Debug|x86
		{7870E579-1678-406A-8C1A-A7A90182737D}.Debug|iPhoneSimulator.ActiveCfg = Debug|x86
		{7870E579-1678-406A-8C1A-A7A90182737D}.Debug|iPhoneSimulator.Build.0 = Debug|x86
		{7870E579-1678-406A-8C1A-A7A90182737D}.Debug|iPhoneSimulator.Deploy.0 = Debug|x86
		{7870E579-1678-406A-8C1A-A7A90182737D}.Debug|x64.ActiveCfg = Debug|x64
		{7870E579-1678-406A-8C1A-A7A90182737D}.Debug|x64.Build.0 = Debug|x64
		{7870E579-1678-406A-8C1A-A7A90182737D}.Debug|x64.Deploy.0 = Debug|x64
		{7870E579-1678-406A-8C1A-A7A90182737D}.Debug|x86.ActiveCfg = Debug|x86
		{7870E579-1678-406A-8C1A-A7A90182737D}.Debug|x86.Build.0 = Debug|x86
		{7870E579-1678-406A-8C1A-A7A90182737D}.Debug|x86.Deploy.0 = Debug|x86
		{7870E579-1678-406A-8C1A-A7A90182737D}.Release|Any CPU.ActiveCfg = Release|x86
		{7870E579-1678-406A-8C1A-A7A90182737D}.Release|Any CPU.Build.0 = Release|x86
		{7870E579-1678-406A-8C1A-A7A90182737D}.Release|Any CPU.Deploy.0 = Release|x86
		{7870E579-1678-406A-8C1A-A7A90182737D}.Release|ARM.ActiveCfg = Release|ARM
		{7870E579-1678-406A-8C1A-A7A90182737D}.Release|ARM.Build.0 = Release|ARM
		{7870E579-1678-406A-8C1A-A7A90182737D}.Release|ARM.Deploy.0 = Release|ARM
		{7870E579-1678-406A-8C1A-A7A90182737D}.Release|iPhone.ActiveCfg = Release|x86
		{7870E579-1678-406A-8C1A-A7A90182737D}.Release|iPhone.Build.0 = Release|x86
		{7870E579-1678-406A-8C1A-A7A90182737D}.Release|iPhone.Deploy.0 = Release|x86
		{7870E579-1678-406A-8C1A-A7A90182737D}.Release|iPhoneSimulator.ActiveCfg = Release|x86
		{7870E579-1678-406A-8C1A-A7A90182737D}.Release|iPhoneSimulator.Build.0 = Release|x86
		{7870E579-1678-406A-8C1A-A7A90182737D}.Release|iPhoneSimulator.Deploy.0 = Release|x86
		{7870E579-1678-406A-8C1A-A7A90182737D}.Release|x64.ActiveCfg = Release|x64
		{7870E579-1678-406A-8C1A-A7A90182737D}.Release|x64.Build.0 = Release|x64
		{7870E579-1678-406A-8C1A-A7A90182737D}.Release|x64.Deploy.0 = Release|x64
		{7870E579-1678-406A-8C1A-A7A90182737D}.Release|x86.ActiveCfg = Release|x86
		{7870E579-1678-406A-8C1A-A7A90182737D}.Release|x86.Build.0 = Release|x86
		{7870E579-1678-406A-8C1A-A7A90182737D}.Release|x86.Deploy.0 = Release|x86
		{D1865046-558B-4E4D-BAA2-B19C3D0F2ED3}.Ad-Hoc|Any CPU.ActiveCfg = Debug|Any CPU
		{D1865046-558B-4E4D-BAA2-B19C3D0F2ED3}.Ad-Hoc|Any CPU.Build.0 = Debug|Any CPU
		{D1865046-558B-4E4D-BAA2-B19C3D0F2ED3}.Ad-Hoc|Any CPU.Deploy.0 = Debug|Any CPU
		{D1865046-558B-4E4D-BAA2-B19C3D0F2ED3}.Ad-Hoc|ARM.ActiveCfg = Debug|Any CPU
		{D1865046-558B-4E4D-BAA2-B19C3D0F2ED3}.Ad-Hoc|ARM.Build.0 = Debug|Any CPU
		{D1865046-558B-4E4D-BAA2-B19C3D0F2ED3}.Ad-Hoc|ARM.Deploy.0 = Debug|Any CPU
		{D1865046-558B-4E4D-BAA2-B19C3D0F2ED3}.Ad-Hoc|iPhone.ActiveCfg = Debug|Any CPU
		{D1865046-558B-4E4D-BAA2-B19C3D0F2ED3}.Ad-Hoc|iPhone.Build.0 = Debug|Any CPU
		{D1865046-558B-4E4D-BAA2-B19C3D0F2ED3}.Ad-Hoc|iPhone.Deploy.0 = Debug|Any CPU
		{D1865046-558B-4E4D-BAA2-B19C3D0F2ED3}.Ad-Hoc|iPhoneSimulator.ActiveCfg = Debug|Any CPU
		{D1865046-558B-4E4D-BAA2-B19C3D0F2ED3}.Ad-Hoc|iPhoneSimulator.Build.0 = Debug|Any CPU
		{D1865046-558B-4E4D-BAA2-B19C3D0F2ED3}.Ad-Hoc|iPhoneSimulator.Deploy.0 = Debug|Any CPU
		{D1865046-558B-4E4D-BAA2-B19C3D0F2ED3}.Ad-Hoc|x64.ActiveCfg = Debug|Any CPU
		{D1865046-558B-4E4D-BAA2-B19C3D0F2ED3}.Ad-Hoc|x64.Build.0 = Debug|Any CPU
		{D1865046-558B-4E4D-BAA2-B19C3D0F2ED3}.Ad-Hoc|x64.Deploy.0 = Debug|Any CPU
		{D1865046-558B-4E4D-BAA2-B19C3D0F2ED3}.Ad-Hoc|x86.ActiveCfg = Debug|Any CPU
		{D1865046-558B-4E4D-BAA2-B19C3D0F2ED3}.Ad-Hoc|x86.Build.0 = Debug|Any CPU
		{D1865046-558B-4E4D-BAA2-B19C3D0F2ED3}.Ad-Hoc|x86.Deploy.0 = Debug|Any CPU
		{D1865046-558B-4E4D-BAA2-B19C3D0F2ED3}.AppStore|Any CPU.ActiveCfg = Debug|Any CPU
		{D1865046-558B-4E4D-BAA2-B19C3D0F2ED3}.AppStore|Any CPU.Build.0 = Debug|Any CPU
		{D1865046-558B-4E4D-BAA2-B19C3D0F2ED3}.AppStore|Any CPU.Deploy.0 = Debug|Any CPU
		{D1865046-558B-4E4D-BAA2-B19C3D0F2ED3}.AppStore|ARM.ActiveCfg = Debug|Any CPU
		{D1865046-558B-4E4D-BAA2-B19C3D0F2ED3}.AppStore|ARM.Build.0 = Debug|Any CPU
		{D1865046-558B-4E4D-BAA2-B19C3D0F2ED3}.AppStore|ARM.Deploy.0 = Debug|Any CPU
		{D1865046-558B-4E4D-BAA2-B19C3D0F2ED3}.AppStore|iPhone.ActiveCfg = Debug|Any CPU
		{D1865046-558B-4E4D-BAA2-B19C3D0F2ED3}.AppStore|iPhone.Build.0 = Debug|Any CPU
		{D1865046-558B-4E4D-BAA2-B19C3D0F2ED3}.AppStore|iPhone.Deploy.0 = Debug|Any CPU
		{D1865046-558B-4E4D-BAA2-B19C3D0F2ED3}.AppStore|iPhoneSimulator.ActiveCfg = Debug|Any CPU
		{D1865046-558B-4E4D-BAA2-B19C3D0F2ED3}.AppStore|iPhoneSimulator.Build.0 = Debug|Any CPU
		{D1865046-558B-4E4D-BAA2-B19C3D0F2ED3}.AppStore|iPhoneSimulator.Deploy.0 = Debug|Any CPU
		{D1865046-558B-4E4D-BAA2-B19C3D0F2ED3}.AppStore|x64.ActiveCfg = Debug|Any CPU
		{D1865046-558B-4E4D-BAA2-B19C3D0F2ED3}.AppStore|x64.Build.0 = Debug|Any CPU
		{D1865046-558B-4E4D-BAA2-B19C3D0F2ED3}.AppStore|x64.Deploy.0 = Debug|Any CPU
		{D1865046-558B-4E4D-BAA2-B19C3D0F2ED3}.AppStore|x86.ActiveCfg = Debug|Any CPU
		{D1865046-558B-4E4D-BAA2-B19C3D0F2ED3}.AppStore|x86.Build.0 = Debug|Any CPU
		{D1865046-558B-4E4D-BAA2-B19C3D0F2ED3}.AppStore|x86.Deploy.0 = Debug|Any CPU
		{D1865046-558B-4E4D-BAA2-B19C3D0F2ED3}.Debug|Any CPU.ActiveCfg = Debug|Any CPU
		{D1865046-558B-4E4D-BAA2-B19C3D0F2ED3}.Debug|Any CPU.Build.0 = Debug|Any CPU
		{D1865046-558B-4E4D-BAA2-B19C3D0F2ED3}.Debug|Any CPU.Deploy.0 = Debug|Any CPU
		{D1865046-558B-4E4D-BAA2-B19C3D0F2ED3}.Debug|ARM.ActiveCfg = Debug|Any CPU
		{D1865046-558B-4E4D-BAA2-B19C3D0F2ED3}.Debug|ARM.Build.0 = Debug|Any CPU
		{D1865046-558B-4E4D-BAA2-B19C3D0F2ED3}.Debug|ARM.Deploy.0 = Debug|Any CPU
		{D1865046-558B-4E4D-BAA2-B19C3D0F2ED3}.Debug|iPhone.ActiveCfg = Debug|Any CPU
		{D1865046-558B-4E4D-BAA2-B19C3D0F2ED3}.Debug|iPhone.Build.0 = Debug|Any CPU
		{D1865046-558B-4E4D-BAA2-B19C3D0F2ED3}.Debug|iPhone.Deploy.0 = Debug|Any CPU
		{D1865046-558B-4E4D-BAA2-B19C3D0F2ED3}.Debug|iPhoneSimulator.ActiveCfg = Debug|Any CPU
		{D1865046-558B-4E4D-BAA2-B19C3D0F2ED3}.Debug|iPhoneSimulator.Build.0 = Debug|Any CPU
		{D1865046-558B-4E4D-BAA2-B19C3D0F2ED3}.Debug|iPhoneSimulator.Deploy.0 = Debug|Any CPU
		{D1865046-558B-4E4D-BAA2-B19C3D0F2ED3}.Debug|x64.ActiveCfg = Debug|Any CPU
		{D1865046-558B-4E4D-BAA2-B19C3D0F2ED3}.Debug|x64.Build.0 = Debug|Any CPU
		{D1865046-558B-4E4D-BAA2-B19C3D0F2ED3}.Debug|x64.Deploy.0 = Debug|Any CPU
		{D1865046-558B-4E4D-BAA2-B19C3D0F2ED3}.Debug|x86.ActiveCfg = Debug|Any CPU
		{D1865046-558B-4E4D-BAA2-B19C3D0F2ED3}.Debug|x86.Build.0 = Debug|Any CPU
		{D1865046-558B-4E4D-BAA2-B19C3D0F2ED3}.Debug|x86.Deploy.0 = Debug|Any CPU
		{D1865046-558B-4E4D-BAA2-B19C3D0F2ED3}.Release|Any CPU.ActiveCfg = Release|Any CPU
		{D1865046-558B-4E4D-BAA2-B19C3D0F2ED3}.Release|Any CPU.Build.0 = Release|Any CPU
		{D1865046-558B-4E4D-BAA2-B19C3D0F2ED3}.Release|Any CPU.Deploy.0 = Release|Any CPU
		{D1865046-558B-4E4D-BAA2-B19C3D0F2ED3}.Release|ARM.ActiveCfg = Release|Any CPU
		{D1865046-558B-4E4D-BAA2-B19C3D0F2ED3}.Release|ARM.Build.0 = Release|Any CPU
		{D1865046-558B-4E4D-BAA2-B19C3D0F2ED3}.Release|ARM.Deploy.0 = Release|Any CPU
		{D1865046-558B-4E4D-BAA2-B19C3D0F2ED3}.Release|iPhone.ActiveCfg = Release|Any CPU
		{D1865046-558B-4E4D-BAA2-B19C3D0F2ED3}.Release|iPhone.Build.0 = Release|Any CPU
		{D1865046-558B-4E4D-BAA2-B19C3D0F2ED3}.Release|iPhone.Deploy.0 = Release|Any CPU
		{D1865046-558B-4E4D-BAA2-B19C3D0F2ED3}.Release|iPhoneSimulator.ActiveCfg = Release|Any CPU
		{D1865046-558B-4E4D-BAA2-B19C3D0F2ED3}.Release|iPhoneSimulator.Build.0 = Release|Any CPU
		{D1865046-558B-4E4D-BAA2-B19C3D0F2ED3}.Release|iPhoneSimulator.Deploy.0 = Release|Any CPU
		{D1865046-558B-4E4D-BAA2-B19C3D0F2ED3}.Release|x64.ActiveCfg = Release|Any CPU
		{D1865046-558B-4E4D-BAA2-B19C3D0F2ED3}.Release|x64.Build.0 = Release|Any CPU
		{D1865046-558B-4E4D-BAA2-B19C3D0F2ED3}.Release|x64.Deploy.0 = Release|Any CPU
		{D1865046-558B-4E4D-BAA2-B19C3D0F2ED3}.Release|x86.ActiveCfg = Release|Any CPU
		{D1865046-558B-4E4D-BAA2-B19C3D0F2ED3}.Release|x86.Build.0 = Release|Any CPU
		{D1865046-558B-4E4D-BAA2-B19C3D0F2ED3}.Release|x86.Deploy.0 = Release|Any CPU
	EndGlobalSection
	GlobalSection(SolutionProperties) = preSolution
		HideSolutionNode = FALSE
	EndGlobalSection
	GlobalSection(ExtensibilityGlobals) = postSolution
		SolutionGuid = {B57DF13F-6E05-4280-ADA1-A3BE859DC16F}
	EndGlobalSection
EndGlobal
